
Microsoft Visual Studio Solution File, Format Version 12.00
# Visual Studio Version 16
VisualStudioVersion = 16.0.33130.400
MinimumVisualStudioVersion = 10.0.40219.1
Project("{FAE04EC0-301F-11D3-BF4B-00C04F79EFBC}") = "bleHIDsockClient", "bleHIDsockClient.csproj", "{25A950BE-9691-48FC-9AED-EC4BF2A7861E}"
EndProject
Global
	GlobalSection(SolutionConfigurationPlatforms) = preSolution
		Debug|Any CPU = Debug|Any CPU
		Release|Any CPU = Release|Any CPU
	EndGlobalSection
	GlobalSection(ProjectConfigurationPlatforms) = postSolution
		{25A950BE-9691-48FC-9AED-EC4BF2A7861E}.Debug|Any CPU.ActiveCfg = Debug|Any CPU
		{25A950BE-9691-48FC-9AED-EC4BF2A7861E}.Debug|Any CPU.Build.0 = Debug|Any CPU
		{25A950BE-9691-48FC-9AED-EC4BF2A7861E}.Release|Any CPU.ActiveCfg = Release|Any CPU
		{25A950BE-9691-48FC-9AED-EC4BF2A7861E}.Release|Any CPU.Build.0 = Release|Any CPU
	EndGlobalSection
	GlobalSection(SolutionProperties) = preSolution
		HideSolutionNode = FALSE
	EndGlobalSection
	GlobalSection(ExtensibilityGlobals) = postSolution
		SolutionGuid = {C823F802-AD1B-4EA1-B399-E5B7CC748C4B}
	EndGlobalSection
EndGlobal
